// !$*UTF8*$!
{
	archiveVersion = 1;
	classes = {
	};
	objectVersion = 56;
	objects = {

/* Begin PBXBuildFile section */
		0D53B4A52982220500E5F368 /* SwiftUIBasicApp.swift in Sources */ = {isa = PBXBuildFile; fileRef = 0D53B4A42982220500E5F368 /* SwiftUIBasicApp.swift */; };
		0D53B4A72982220500E5F368 /* ContentView.swift in Sources */ = {isa = PBXBuildFile; fileRef = 0D53B4A62982220500E5F368 /* ContentView.swift */; };
		0D53B4A92982220700E5F368 /* Assets.xcassets in Resources */ = {isa = PBXBuildFile; fileRef = 0D53B4A82982220700E5F368 /* Assets.xcassets */; };
		0D53B4AC2982220700E5F368 /* Preview Assets.xcassets in Resources */ = {isa = PBXBuildFile; fileRef = 0D53B4AB2982220700E5F368 /* Preview Assets.xcassets */; };
		0D53B4CF298224A300E5F368 /* TextBasic.swift in Sources */ = {isa = PBXBuildFile; fileRef = 0D53B4CE298224A300E5F368 /* TextBasic.swift */; };
		0D53B4D129822E1A00E5F368 /* ShapeBasic.swift in Sources */ = {isa = PBXBuildFile; fileRef = 0D53B4D029822E1A00E5F368 /* ShapeBasic.swift */; };
/* End PBXBuildFile section */

/* Begin PBXContainerItemProxy section */
		0D53B4B22982220700E5F368 /* PBXContainerItemProxy */ = {
			isa = PBXContainerItemProxy;
			containerPortal = 0D53B4992982220500E5F368 /* Project object */;
			proxyType = 1;
			remoteGlobalIDString = 0D53B4A02982220500E5F368;
			remoteInfo = SwiftUIBasic;
		};
		0D53B4BC2982220800E5F368 /* PBXContainerItemProxy */ = {
			isa = PBXContainerItemProxy;
			containerPortal = 0D53B4992982220500E5F368 /* Project object */;
			proxyType = 1;
			remoteGlobalIDString = 0D53B4A02982220500E5F368;
			remoteInfo = SwiftUIBasic;
		};
/* End PBXContainerItemProxy section */

/* Begin PBXFileReference section */
		0D53B4A12982220500E5F368 /* SwiftUIBasic.app */ = {isa = PBXFileReference; explicitFileType = wrapper.application; includeInIndex = 0; path = SwiftUIBasic.app; sourceTree = BUILT_PRODUCTS_DIR; };
		0D53B4A42982220500E5F368 /* SwiftUIBasicApp.swift */ = {isa = PBXFileReference; lastKnownFileType = sourcecode.swift; path = SwiftUIBasicApp.swift; sourceTree = "<group>"; };
		0D53B4A62982220500E5F368 /* ContentView.swift */ = {isa = PBXFileReference; lastKnownFileType = sourcecode.swift; path = ContentView.swift; sourceTree = "<group>"; };
		0D53B4A82982220700E5F368 /* Assets.xcassets */ = {isa = PBXFileReference; lastKnownFileType = folder.assetcatalog; path = Assets.xcassets; sourceTree = "<group>"; };
		0D53B4AB2982220700E5F368 /* Preview Assets.xcassets */ = {isa = PBXFileReference; lastKnownFileType = folder.assetcatalog; path = "Preview Assets.xcassets"; sourceTree = "<group>"; };
		0D53B4B12982220700E5F368 /* SwiftUIBasicTests.xctest */ = {isa = PBXFileReference; explicitFileType = wrapper.cfbundle; includeInIndex = 0; path = SwiftUIBasicTests.xctest; sourceTree = BUILT_PRODUCTS_DIR; };
		0D53B4BB2982220800E5F368 /* SwiftUIBasicUITests.xctest */ = {isa = PBXFileReference; explicitFileType = wrapper.cfbundle; includeInIndex = 0; path = SwiftUIBasicUITests.xctest; sourceTree = BUILT_PRODUCTS_DIR; };
		0D53B4CE298224A300E5F368 /* TextBasic.swift */ = {isa = PBXFileReference; lastKnownFileType = sourcecode.swift; path = TextBasic.swift; sourceTree = "<group>"; };
		0D53B4D029822E1A00E5F368 /* ShapeBasic.swift */ = {isa = PBXFileReference; lastKnownFileType = sourcecode.swift; path = ShapeBasic.swift; sourceTree = "<group>"; };
/* End PBXFileReference section */

/* Begin PBXFrameworksBuildPhase section */
		0D53B49E2982220500E5F368 /* Frameworks */ = {
			isa = PBXFrameworksBuildPhase;
			buildActionMask = 2147483647;
			files = (
			);
			runOnlyForDeploymentPostprocessing = 0;
		};
		0D53B4AE2982220700E5F368 /* Frameworks */ = {
			isa = PBXFrameworksBuildPhase;
			buildActionMask = 2147483647;
			files = (
			);
			runOnlyForDeploymentPostprocessing = 0;
		};
		0D53B4B82982220800E5F368 /* Frameworks */ = {
			isa = PBXFrameworksBuildPhase;
			buildActionMask = 2147483647;
			files = (
			);
			runOnlyForDeploymentPostprocessing = 0;
		};
/* End PBXFrameworksBuildPhase section */

/* Begin PBXGroup section */
		0D53B4982982220500E5F368 = {
			isa = PBXGroup;
			children = (
				0D53B4A32982220500E5F368 /* SwiftUIBasic */,
				0D53B4A22982220500E5F368 /* Products */,
			);
			sourceTree = "<group>";
		};
		0D53B4A22982220500E5F368 /* Products */ = {
			isa = PBXGroup;
			children = (
				0D53B4A12982220500E5F368 /* SwiftUIBasic.app */,
				0D53B4B12982220700E5F368 /* SwiftUIBasicTests.xctest */,
				0D53B4BB2982220800E5F368 /* SwiftUIBasicUITests.xctest */,
			);
			name = Products;
			sourceTree = "<group>";
		};
		0D53B4A32982220500E5F368 /* SwiftUIBasic */ = {
			isa = PBXGroup;
			children = (
				0D53B4A42982220500E5F368 /* SwiftUIBasicApp.swift */,
				0D53B4A62982220500E5F368 /* ContentView.swift */,
				0D53B4CE298224A300E5F368 /* TextBasic.swift */,
				0D53B4D029822E1A00E5F368 /* ShapeBasic.swift */,
				0D53B4A82982220700E5F368 /* Assets.xcassets */,
				0D53B4AA2982220700E5F368 /* Preview Content */,
			);
			path = SwiftUIBasic;
			sourceTree = "<group>";
		};
		0D53B4AA2982220700E5F368 /* Preview Content */ = {
			isa = PBXGroup;
			children = (
				0D53B4AB2982220700E5F368 /* Preview Assets.xcassets */,
			);
			path = "Preview Content";
			sourceTree = "<group>";
		};
/* End PBXGroup section */

/* Begin PBXNativeTarget section */
		0D53B4A02982220500E5F368 /* SwiftUIBasic */ = {
			isa = PBXNativeTarget;
			buildConfigurationList = 0D53B4C52982220800E5F368 /* Build configuration list for PBXNativeTarget "SwiftUIBasic" */;
			buildPhases = (
				0D53B49D2982220500E5F368 /* Sources */,
				0D53B49E2982220500E5F368 /* Frameworks */,
				0D53B49F2982220500E5F368 /* Resources */,
			);
			buildRules = (
			);
			dependencies = (
			);
			name = SwiftUIBasic;
			productName = SwiftUIBasic;
			productReference = 0D53B4A12982220500E5F368 /* SwiftUIBasic.app */;
			productType = "com.apple.product-type.application";
		};
		0D53B4B02982220700E5F368 /* SwiftUIBasicTests */ = {
			isa = PBXNativeTarget;
			buildConfigurationList = 0D53B4C82982220800E5F368 /* Build configuration list for PBXNativeTarget "SwiftUIBasicTests" */;
			buildPhases = (
				0D53B4AD2982220700E5F368 /* Sources */,
				0D53B4AE2982220700E5F368 /* Frameworks */,
				0D53B4AF2982220700E5F368 /* Resources */,
			);
			buildRules = (
			);
			dependencies = (
				0D53B4B32982220700E5F368 /* PBXTargetDependency */,
			);
			name = SwiftUIBasicTests;
			productName = SwiftUIBasicTests;
			productReference = 0D53B4B12982220700E5F368 /* SwiftUIBasicTests.xctest */;
			productType = "com.apple.product-type.bundle.unit-test";
		};
		0D53B4BA2982220800E5F368 /* SwiftUIBasicUITests */ = {
			isa = PBXNativeTarget;
			buildConfigurationList = 0D53B4CB2982220800E5F368 /* Build configuration list for PBXNativeTarget "SwiftUIBasicUITests" */;
			buildPhases = (
				0D53B4B72982220800E5F368 /* Sources */,
				0D53B4B82982220800E5F368 /* Frameworks */,
				0D53B4B92982220800E5F368 /* Resources */,
			);
			buildRules = (
			);
			dependencies = (
				0D53B4BD2982220800E5F368 /* PBXTargetDependency */,
			);
			name = SwiftUIBasicUITests;
			productName = SwiftUIBasicUITests;
			productReference = 0D53B4BB2982220800E5F368 /* SwiftUIBasicUITests.xctest */;
			productType = "com.apple.product-type.bundle.ui-testing";
		};
/* End PBXNativeTarget section */

/* Begin PBXProject section */
		0D53B4992982220500E5F368 /* Project object */ = {
			isa = PBXProject;
			attributes = {
				BuildIndependentTargetsInParallel = 1;
				LastSwiftUpdateCheck = 1420;
				LastUpgradeCheck = 1420;
				TargetAttributes = {
					0D53B4A02982220500E5F368 = {
						CreatedOnToolsVersion = 14.2;
					};
					0D53B4B02982220700E5F368 = {
						CreatedOnToolsVersion = 14.2;
						TestTargetID = 0D53B4A02982220500E5F368;
					};
					0D53B4BA2982220800E5F368 = {
						CreatedOnToolsVersion = 14.2;
						TestTargetID = 0D53B4A02982220500E5F368;
					};
				};
			};
			buildConfigurationList = 0D53B49C2982220500E5F368 /* Build configuration list for PBXProject "SwiftUIBasic" */;
			compatibilityVersion = "Xcode 14.0";
			developmentRegion = en;
			hasScannedForEncodings = 0;
			knownRegions = (
				en,
				Base,
			);
			mainGroup = 0D53B4982982220500E5F368;
			productRefGroup = 0D53B4A22982220500E5F368 /* Products */;
			projectDirPath = "";
			projectRoot = "";
			targets = (
				0D53B4A02982220500E5F368 /* SwiftUIBasic */,
				0D53B4B02982220700E5F368 /* SwiftUIBasicTests */,
				0D53B4BA2982220800E5F368 /* SwiftUIBasicUITests */,
			);
		};
/* End PBXProject section */

/* Begin PBXResourcesBuildPhase section */
		0D53B49F2982220500E5F368 /* Resources */ = {
			isa = PBXResourcesBuildPhase;
			buildActionMask = 2147483647;
			files = (
				0D53B4AC2982220700E5F368 /* Preview Assets.xcassets in Resources */,
				0D53B4A92982220700E5F368 /* Assets.xcassets in Resources */,
			);
			runOnlyForDeploymentPostprocessing = 0;
		};
		0D53B4AF2982220700E5F368 /* Resources */ = {
			isa = PBXResourcesBuildPhase;
			buildActionMask = 2147483647;
			files = (
			);
			runOnlyForDeploymentPostprocessing = 0;
		};
		0D53B4B92982220800E5F368 /* Resources */ = {
			isa = PBXResourcesBuildPhase;
			buildActionMask = 2147483647;
			files = (
			);
			runOnlyForDeploymentPostprocessing = 0;
		};
/* End PBXResourcesBuildPhase section */

/* Begin PBXSourcesBuildPhase section */
		0D53B49D2982220500E5F368 /* Sources */ = {
			isa = PBXSourcesBuildPhase;
			buildActionMask = 2147483647;
			files = (
				0D53B4CF298224A300E5F368 /* TextBasic.swift in Sources */,
				0D53B4A72982220500E5F368 /* ContentView.swift in Sources */,
				0D53B4D129822E1A00E5F368 /* ShapeBasic.swift in Sources */,
				0D53B4A52982220500E5F368 /* SwiftUIBasicApp.swift in Sources */,
			);
			runOnlyForDeploymentPostprocessing = 0;
		};
		0D53B4AD2982220700E5F368 /* Sources */ = {
			isa = PBXSourcesBuildPhase;
			buildActionMask = 2147483647;
			files = (
			);
			runOnlyForDeploymentPostprocessing = 0;
		};
		0D53B4B72982220800E5F368 /* Sources */ = {
			isa = PBXSourcesBuildPhase;
			buildActionMask = 2147483647;
			files = (
			);
			runOnlyForDeploymentPostprocessing = 0;
		};
/* End PBXSourcesBuildPhase section */

/* Begin PBXTargetDependency section */
		0D53B4B32982220700E5F368 /* PBXTargetDependency */ = {
			isa = PBXTargetDependency;
			target = 0D53B4A02982220500E5F368 /* SwiftUIBasic */;
			targetProxy = 0D53B4B22982220700E5F368 /* PBXContainerItemProxy */;
		};
		0D53B4BD2982220800E5F368 /* PBXTargetDependency */ = {
			isa = PBXTargetDependency;
			target = 0D53B4A02982220500E5F368 /* SwiftUIBasic */;
			targetProxy = 0D53B4BC2982220800E5F368 /* PBXContainerItemProxy */;
		};
/* End PBXTargetDependency section */

/* Begin XCBuildConfiguration section */
		0D53B4C32982220800E5F368 /* Debug */ = {
			isa = XCBuildConfiguration;
			buildSettings = {
				ALWAYS_SEARCH_USER_PATHS = NO;
				CLANG_ANALYZER_NONNULL = YES;
				CLANG_ANALYZER_NUMBER_OBJECT_CONVERSION = YES_AGGRESSIVE;
				CLANG_CXX_LANGUAGE_STANDARD = "gnu++20";
				CLANG_ENABLE_MODULES = YES;
				CLANG_ENABLE_OBJC_ARC = YES;
				CLANG_ENABLE_OBJC_WEAK = YES;
				CLANG_WARN_BLOCK_CAPTURE_AUTORELEASING = YES;
				CLANG_WARN_BOOL_CONVERSION = YES;
				CLANG_WARN_COMMA = YES;
				CLANG_WARN_CONSTANT_CONVERSION = YES;
				CLANG_WARN_DEPRECATED_OBJC_IMPLEMENTATIONS = YES;
				CLANG_WARN_DIRECT_OBJC_ISA_USAGE = YES_ERROR;
				CLANG_WARN_DOCUMENTATION_COMMENTS = YES;
				CLANG_WARN_EMPTY_BODY = YES;
				CLANG_WARN_ENUM_CONVERSION = YES;
				CLANG_WARN_INFINITE_RECURSION = YES;
				CLANG_WARN_INT_CONVERSION = YES;
				CLANG_WARN_NON_LITERAL_NULL_CONVERSION = YES;
				CLANG_WARN_OBJC_IMPLICIT_RETAIN_SELF = YES;
				CLANG_WARN_OBJC_LITERAL_CONVERSION = YES;
				CLANG_WARN_OBJC_ROOT_CLASS = YES_ERROR;
				CLANG_WARN_QUOTED_INCLUDE_IN_FRAMEWORK_HEADER = YES;
				CLANG_WARN_RANGE_LOOP_ANALYSIS = YES;
				CLANG_WARN_STRICT_PROTOTYPES = YES;
				CLANG_WARN_SUSPICIOUS_MOVE = YES;
				CLANG_WARN_UNGUARDED_AVAILABILITY = YES_AGGRESSIVE;
				CLANG_WARN_UNREACHABLE_CODE = YES;
				CLANG_WARN__DUPLICATE_METHOD_MATCH = YES;
				COPY_PHASE_STRIP = NO;
				DEBUG_INFORMATION_FORMAT = dwarf;
				ENABLE_STRICT_OBJC_MSGSEND = YES;
				ENABLE_TESTABILITY = YES;
				GCC_C_LANGUAGE_STANDARD = gnu11;
				GCC_DYNAMIC_NO_PIC = NO;
				GCC_NO_COMMON_BLOCKS = YES;
				GCC_OPTIMIZATION_LEVEL = 0;
				GCC_PREPROCESSOR_DEFINITIONS = (
					"DEBUG=1",
					"$(inherited)",
				);
				GCC_WARN_64_TO_32_BIT_CONVERSION = YES;
				GCC_WARN_ABOUT_RETURN_TYPE = YES_ERROR;
				GCC_WARN_UNDECLARED_SELECTOR = YES;
				GCC_WARN_UNINITIALIZED_AUTOS = YES_AGGRESSIVE;
				GCC_WARN_UNUSED_FUNCTION = YES;
				GCC_WARN_UNUSED_VARIABLE = YES;
				IPHONEOS_DEPLOYMENT_TARGET = 16.2;
				MTL_ENABLE_DEBUG_INFO = INCLUDE_SOURCE;
				MTL_FAST_MATH = YES;
				ONLY_ACTIVE_ARCH = YES;
				SDKROOT = iphoneos;
				SWIFT_ACTIVE_COMPILATION_CONDITIONS = DEBUG;
				SWIFT_OPTIMIZATION_LEVEL = "-Onone";
			};
			name = Debug;
		};
		0D53B4C42982220800E5F368 /* Release */ = {
			isa = XCBuildConfiguration;
			buildSettings = {
				ALWAYS_SEARCH_USER_PATHS = NO;
				CLANG_ANALYZER_NONNULL = YES;
				CLANG_ANALYZER_NUMBER_OBJECT_CONVERSION = YES_AGGRESSIVE;
				CLANG_CXX_LANGUAGE_STANDARD = "gnu++20";
				CLANG_ENABLE_MODULES = YES;
				CLANG_ENABLE_OBJC_ARC = YES;
				CLANG_ENABLE_OBJC_WEAK = YES;
				CLANG_WARN_BLOCK_CAPTURE_AUTORELEASING = YES;
				CLANG_WARN_BOOL_CONVERSION = YES;
				CLANG_WARN_COMMA = YES;
				CLANG_WARN_CONSTANT_CONVERSION = YES;
				CLANG_WARN_DEPRECATED_OBJC_IMPLEMENTATIONS = YES;
				CLANG_WARN_DIRECT_OBJC_ISA_USAGE = YES_ERROR;
				CLANG_WARN_DOCUMENTATION_COMMENTS = YES;
				CLANG_WARN_EMPTY_BODY = YES;
				CLANG_WARN_ENUM_CONVERSION = YES;
				CLANG_WARN_INFINITE_RECURSION = YES;
				CLANG_WARN_INT_CONVERSION = YES;
				CLANG_WARN_NON_LITERAL_NULL_CONVERSION = YES;
				CLANG_WARN_OBJC_IMPLICIT_RETAIN_SELF = YES;
				CLANG_WARN_OBJC_LITERAL_CONVERSION = YES;
				CLANG_WARN_OBJC_ROOT_CLASS = YES_ERROR;
				CLANG_WARN_QUOTED_INCLUDE_IN_FRAMEWORK_HEADER = YES;
				CLANG_WARN_RANGE_LOOP_ANALYSIS = YES;
				CLANG_WARN_STRICT_PROTOTYPES = YES;
				CLANG_WARN_SUSPICIOUS_MOVE = YES;
				CLANG_WARN_UNGUARDED_AVAILABILITY = YES_AGGRESSIVE;
				CLANG_WARN_UNREACHABLE_CODE = YES;
				CLANG_WARN__DUPLICATE_METHOD_MATCH = YES;
				COPY_PHASE_STRIP = NO;
				DEBUG_INFORMATION_FORMAT = "dwarf-with-dsym";
				ENABLE_NS_ASSERTIONS = NO;
				ENABLE_STRICT_OBJC_MSGSEND = YES;
				GCC_C_LANGUAGE_STANDARD = gnu11;
				GCC_NO_COMMON_BLOCKS = YES;
				GCC_WARN_64_TO_32_BIT_CONVERSION = YES;
				GCC_WARN_ABOUT_RETURN_TYPE = YES_ERROR;
				GCC_WARN_UNDECLARED_SELECTOR = YES;
				GCC_WARN_UNINITIALIZED_AUTOS = YES_AGGRESSIVE;
				GCC_WARN_UNUSED_FUNCTION = YES;
				GCC_WARN_UNUSED_VARIABLE = YES;
				IPHONEOS_DEPLOYMENT_TARGET = 16.2;
				MTL_ENABLE_DEBUG_INFO = NO;
				MTL_FAST_MATH = YES;
				SDKROOT = iphoneos;
				SWIFT_COMPILATION_MODE = wholemodule;
				SWIFT_OPTIMIZATION_LEVEL = "-O";
				VALIDATE_PRODUCT = YES;
			};
			name = Release;
		};
		0D53B4C62982220800E5F368 /* Debug */ = {
			isa = XCBuildConfiguration;
			buildSettings = {
				ASSETCATALOG_COMPILER_APPICON_NAME = AppIcon;
				ASSETCATALOG_COMPILER_GLOBAL_ACCENT_COLOR_NAME = AccentColor;
				CODE_SIGN_STYLE = Automatic;
				CURRENT_PROJECT_VERSION = 1;
				DEVELOPMENT_ASSET_PATHS = "\"SwiftUIBasic/Preview Content\"";
				ENABLE_PREVIEWS = YES;
				GENERATE_INFOPLIST_FILE = YES;
				INFOPLIST_KEY_UIApplicationSceneManifest_Generation = YES;
				INFOPLIST_KEY_UIApplicationSupportsIndirectInputEvents = YES;
				INFOPLIST_KEY_UILaunchScreen_Generation = YES;
				INFOPLIST_KEY_UISupportedInterfaceOrientations_iPad = "UIInterfaceOrientationPortrait UIInterfaceOrientationPortraitUpsideDown UIInterfaceOrientationLandscapeLeft UIInterfaceOrientationLandscapeRight";
				INFOPLIST_KEY_UISupportedInterfaceOrientations_iPhone = "UIInterfaceOrientationPortrait UIInterfaceOrientationLandscapeLeft UIInterfaceOrientationLandscapeRight";
				LD_RUNPATH_SEARCH_PATHS = (
					"$(inherited)",
					"@executable_path/Frameworks",
				);
				MARKETING_VERSION = 1.0;
				PRODUCT_BUNDLE_IDENTIFIER = info.simpleguy.SwiftUIBasic;
				PRODUCT_NAME = "$(TARGET_NAME)";
				SWIFT_EMIT_LOC_STRINGS = YES;
				SWIFT_VERSION = 5.0;
				TARGETED_DEVICE_FAMILY = "1,2";
			};
			name = Debug;
		};
		0D53B4C72982220800E5F368 /* Release */ = {
			isa = XCBuildConfiguration;
			buildSettings = {
				ASSETCATALOG_COMPILER_APPICON_NAME = AppIcon;
				ASSETCATALOG_COMPILER_GLOBAL_ACCENT_COLOR_NAME = AccentColor;
				CODE_SIGN_STYLE = Automatic;
				CURRENT_PROJECT_VERSION = 1;
				DEVELOPMENT_ASSET_PATHS = "\"SwiftUIBasic/Preview Content\"";
				ENABLE_PREVIEWS = YES;
				GENERATE_INFOPLIST_FILE = YES;
				INFOPLIST_KEY_UIApplicationSceneManifest_Generation = YES;
				INFOPLIST_KEY_UIApplicationSupportsIndirectInputEvents = YES;
				INFOPLIST_KEY_UILaunchScreen_Generation = YES;
				INFOPLIST_KEY_UISupportedInterfaceOrientations_iPad = "UIInterfaceOrientationPortrait UIInterfaceOrientationPortraitUpsideDown UIInterfaceOrientationLandscapeLeft UIInterfaceOrientationLandscapeRight";
				INFOPLIST_KEY_UISupportedInterfaceOrientations_iPhone = "UIInterfaceOrientationPortrait UIInterfaceOrientationLandscapeLeft UIInterfaceOrientationLandscapeRight";
				LD_RUNPATH_SEARCH_PATHS = (
					"$(inherited)",
					"@executable_path/Frameworks",
				);
				MARKETING_VERSION = 1.0;
				PRODUCT_BUNDLE_IDENTIFIER = info.simpleguy.SwiftUIBasic;
				PRODUCT_NAME = "$(TARGET_NAME)";
				SWIFT_EMIT_LOC_STRINGS = YES;
				SWIFT_VERSION = 5.0;
				TARGETED_DEVICE_FAMILY = "1,2";
			};
			name = Release;
		};
		0D53B4C92982220800E5F368 /* Debug */ = {
			isa = XCBuildConfiguration;
			buildSettings = {
				ALWAYS_EMBED_SWIFT_STANDARD_LIBRARIES = YES;
				BUNDLE_LOADER = "$(TEST_HOST)";
				CODE_SIGN_STYLE = Automatic;
				CURRENT_PROJECT_VERSION = 1;
				GENERATE_INFOPLIST_FILE = YES;
				IPHONEOS_DEPLOYMENT_TARGET = 16.2;
				MARKETING_VERSION = 1.0;
				PRODUCT_BUNDLE_IDENTIFIER = info.simpleguy.SwiftUIBasicTests;
				PRODUCT_NAME = "$(TARGET_NAME)";
				SWIFT_EMIT_LOC_STRINGS = NO;
				SWIFT_VERSION = 5.0;
				TARGETED_DEVICE_FAMILY = "1,2";
				TEST_HOST = "$(BUILT_PRODUCTS_DIR)/SwiftUIBasic.app/$(BUNDLE_EXECUTABLE_FOLDER_PATH)/SwiftUIBasic";
			};
			name = Debug;
		};
		0D53B4CA2982220800E5F368 /* Release */ = {
			isa = XCBuildConfiguration;
			buildSettings = {
				ALWAYS_EMBED_SWIFT_STANDARD_LIBRARIES = YES;
				BUNDLE_LOADER = "$(TEST_HOST)";
				CODE_SIGN_STYLE = Automatic;
				CURRENT_PROJECT_VERSION = 1;
				GENERATE_INFOPLIST_FILE = YES;
				IPHONEOS_DEPLOYMENT_TARGET = 16.2;
				MARKETING_VERSION = 1.0;
				PRODUCT_BUNDLE_IDENTIFIER = info.simpleguy.SwiftUIBasicTests;
				PRODUCT_NAME = "$(TARGET_NAME)";
				SWIFT_EMIT_LOC_STRINGS = NO;
				SWIFT_VERSION = 5.0;
				TARGETED_DEVICE_FAMILY = "1,2";
				TEST_HOST = "$(BUILT_PRODUCTS_DIR)/SwiftUIBasic.app/$(BUNDLE_EXECUTABLE_FOLDER_PATH)/SwiftUIBasic";
			};
			name = Release;
		};
		0D53B4CC2982220800E5F368 /* Debug */ = {
			isa = XCBuildConfiguration;
			buildSettings = {
				ALWAYS_EMBED_SWIFT_STANDARD_LIBRARIES = YES;
				CODE_SIGN_STYLE = Automatic;
				CURRENT_PROJECT_VERSION = 1;
				GENERATE_INFOPLIST_FILE = YES;
				MARKETING_VERSION = 1.0;
				PRODUCT_BUNDLE_IDENTIFIER = info.simpleguy.SwiftUIBasicUITests;
				PRODUCT_NAME = "$(TARGET_NAME)";
				SWIFT_EMIT_LOC_STRINGS = NO;
				SWIFT_VERSION = 5.0;
				TARGETED_DEVICE_FAMILY = "1,2";
				TEST_TARGET_NAME = SwiftUIBasic;
			};
			name = Debug;
		};
		0D53B4CD2982220800E5F368 /* Release */ = {
			isa = XCBuildConfiguration;
			buildSettings = {
				ALWAYS_EMBED_SWIFT_STANDARD_LIBRARIES = YES;
				CODE_SIGN_STYLE = Automatic;
				CURRENT_PROJECT_VERSION = 1;
				GENERATE_INFOPLIST_FILE = YES;
				MARKETING_VERSION = 1.0;
				PRODUCT_BUNDLE_IDENTIFIER = info.simpleguy.SwiftUIBasicUITests;
				PRODUCT_NAME = "$(TARGET_NAME)";
				SWIFT_EMIT_LOC_STRINGS = NO;
				SWIFT_VERSION = 5.0;
				TARGETED_DEVICE_FAMILY = "1,2";
				TEST_TARGET_NAME = SwiftUIBasic;
			};
			name = Release;
		};
/* End XCBuildConfiguration section */

/* Begin XCConfigurationList section */
		0D53B49C2982220500E5F368 /* Build configuration list for PBXProject "SwiftUIBasic" */ = {
			isa = XCConfigurationList;
			buildConfigurations = (
				0D53B4C32982220800E5F368 /* Debug */,
				0D53B4C42982220800E5F368 /* Release */,
			);
			defaultConfigurationIsVisible = 0;
			defaultConfigurationName = Release;
		};
		0D53B4C52982220800E5F368 /* Build configuration list for PBXNativeTarget "SwiftUIBasic" */ = {
			isa = XCConfigurationList;
			buildConfigurations = (
				0D53B4C62982220800E5F368 /* Debug */,
				0D53B4C72982220800E5F368 /* Release */,
			);
			defaultConfigurationIsVisible = 0;
			defaultConfigurationName = Release;
		};
		0D53B4C82982220800E5F368 /* Build configuration list for PBXNativeTarget "SwiftUIBasicTests" */ = {
			isa = XCConfigurationList;
			buildConfigurations = (
				0D53B4C92982220800E5F368 /* Debug */,
				0D53B4CA2982220800E5F368 /* Release */,
			);
			defaultConfigurationIsVisible = 0;
			defaultConfigurationName = Release;
		};
		0D53B4CB2982220800E5F368 /* Build configuration list for PBXNativeTarget "SwiftUIBasicUITests" */ = {
			isa = XCConfigurationList;
			buildConfigurations = (
				0D53B4CC2982220800E5F368 /* Debug */,
				0D53B4CD2982220800E5F368 /* Release */,
			);
			defaultConfigurationIsVisible = 0;
			defaultConfigurationName = Release;
		};
/* End XCConfigurationList section */
	};
	rootObject = 0D53B4992982220500E5F368 /* Project object */;
}
